
Microsoft Visual Studio Solution File, Format Version 12.00
# Visual Studio Version 17
VisualStudioVersion = 17.7.34024.191
MinimumVisualStudioVersion = 10.0.40219.1
Project("{9A19103F-16F7-4668-BE54-9A1E7A4F7556}") = "WebApi", "Reenbit Task\WebApi.csproj", "{FBC84060-18CB-4036-8173-8C96DB64C9E9}"
EndProject
Project("{9A19103F-16F7-4668-BE54-9A1E7A4F7556}") = "WebApiTests", "WebApiTests\WebApiTests.csproj", "{75CF95CD-6F5E-46BC-86D2-433429ADAFC9}"
EndProject
Global
	GlobalSection(SolutionConfigurationPlatforms) = preSolution
		Debug|Any CPU = Debug|Any CPU
		Release|Any CPU = Release|Any CPU
	EndGlobalSection
	GlobalSection(ProjectConfigurationPlatforms) = postSolution
		{FBC84060-18CB-4036-8173-8C96DB64C9E9}.Debug|Any CPU.ActiveCfg = Debug|Any CPU
		{FBC84060-18CB-4036-8173-8C96DB64C9E9}.Debug|Any CPU.Build.0 = Debug|Any CPU
		{FBC84060-18CB-4036-8173-8C96DB64C9E9}.Release|Any CPU.ActiveCfg = Release|Any CPU
		{FBC84060-18CB-4036-8173-8C96DB64C9E9}.Release|Any CPU.Build.0 = Release|Any CPU
		{75CF95CD-6F5E-46BC-86D2-433429ADAFC9}.Debug|Any CPU.ActiveCfg = Debug|Any CPU
		{75CF95CD-6F5E-46BC-86D2-433429ADAFC9}.Debug|Any CPU.Build.0 = Debug|Any CPU
		{75CF95CD-6F5E-46BC-86D2-433429ADAFC9}.Release|Any CPU.ActiveCfg = Release|Any CPU
		{75CF95CD-6F5E-46BC-86D2-433429ADAFC9}.Release|Any CPU.Build.0 = Release|Any CPU
	EndGlobalSection
	GlobalSection(SolutionProperties) = preSolution
		HideSolutionNode = FALSE
	EndGlobalSection
	GlobalSection(ExtensibilityGlobals) = postSolution
		SolutionGuid = {F1429647-31DF-4E03-8E6A-2FDDCA409951}
	EndGlobalSection
EndGlobal
